
Microsoft Visual Studio Solution File, Format Version 12.00
# Visual Studio Version 17
VisualStudioVersion = 17.2.32427.441
MinimumVisualStudioVersion = 10.0.40219.1
Project("{9A19103F-16F7-4668-BE54-9A1E7A4F7556}") = "Slidecrew_UI", "Core\Slidecrew_UI\Slidecrew_UI.csproj", "{959B1640-03FE-4DFE-BDF3-DF61B546DDF7}"
EndProject
Project("{9A19103F-16F7-4668-BE54-9A1E7A4F7556}") = "Slidecrew_V2", "Slidecrew_Windows\Slidecrew_V2.csproj", "{BE07442F-3DD8-44CE-AB60-E57F726A01D8}"
EndProject
Project("{9A19103F-16F7-4668-BE54-9A1E7A4F7556}") = "Slidecrew_Interfaces", "Slidecrew_Interfaces\Slidecrew_Interfaces.csproj", "{DD8462D3-BF96-4A0F-9E73-BB7429A72692}"
EndProject
Project("{2150E333-8FDC-42A3-9474-1A3956D46DE8}") = "Windows", "Windows", "{8DCCB8C3-80B0-4EB9-9D24-A258DE55D8C9}"
EndProject
Project("{9A19103F-16F7-4668-BE54-9A1E7A4F7556}") = "ScreenShareWindows", "Screenshare_Windows\ScreenShareWindows.csproj", "{820CE86D-8767-4022-89CC-387AA94F7671}"
EndProject
Global
	GlobalSection(SolutionConfigurationPlatforms) = preSolution
		Debug|Any CPU = Debug|Any CPU
		Debug|x64 = Debug|x64
		Release|Any CPU = Release|Any CPU
		Release|x64 = Release|x64
	EndGlobalSection
	GlobalSection(ProjectConfigurationPlatforms) = postSolution
		{959B1640-03FE-4DFE-BDF3-DF61B546DDF7}.Debug|Any CPU.ActiveCfg = Debug|Any CPU
		{959B1640-03FE-4DFE-BDF3-DF61B546DDF7}.Debug|Any CPU.Build.0 = Debug|Any CPU
		{959B1640-03FE-4DFE-BDF3-DF61B546DDF7}.Debug|x64.ActiveCfg = Debug|x64
		{959B1640-03FE-4DFE-BDF3-DF61B546DDF7}.Debug|x64.Build.0 = Debug|x64
		{959B1640-03FE-4DFE-BDF3-DF61B546DDF7}.Release|Any CPU.ActiveCfg = Release|Any CPU
		{959B1640-03FE-4DFE-BDF3-DF61B546DDF7}.Release|Any CPU.Build.0 = Release|Any CPU
		{959B1640-03FE-4DFE-BDF3-DF61B546DDF7}.Release|x64.ActiveCfg = Release|Any CPU
		{959B1640-03FE-4DFE-BDF3-DF61B546DDF7}.Release|x64.Build.0 = Release|Any CPU
		{BE07442F-3DD8-44CE-AB60-E57F726A01D8}.Debug|Any CPU.ActiveCfg = Debug|Any CPU
		{BE07442F-3DD8-44CE-AB60-E57F726A01D8}.Debug|Any CPU.Build.0 = Debug|Any CPU
		{BE07442F-3DD8-44CE-AB60-E57F726A01D8}.Debug|x64.ActiveCfg = Debug|x64
		{BE07442F-3DD8-44CE-AB60-E57F726A01D8}.Debug|x64.Build.0 = Debug|x64
		{BE07442F-3DD8-44CE-AB60-E57F726A01D8}.Release|Any CPU.ActiveCfg = Release|Any CPU
		{BE07442F-3DD8-44CE-AB60-E57F726A01D8}.Release|Any CPU.Build.0 = Release|Any CPU
		{BE07442F-3DD8-44CE-AB60-E57F726A01D8}.Release|x64.ActiveCfg = Release|Any CPU
		{BE07442F-3DD8-44CE-AB60-E57F726A01D8}.Release|x64.Build.0 = Release|Any CPU
		{DD8462D3-BF96-4A0F-9E73-BB7429A72692}.Debug|Any CPU.ActiveCfg = Debug|Any CPU
		{DD8462D3-BF96-4A0F-9E73-BB7429A72692}.Debug|Any CPU.Build.0 = Debug|Any CPU
		{DD8462D3-BF96-4A0F-9E73-BB7429A72692}.Debug|x64.ActiveCfg = Debug|x64
		{DD8462D3-BF96-4A0F-9E73-BB7429A72692}.Debug|x64.Build.0 = Debug|x64
		{DD8462D3-BF96-4A0F-9E73-BB7429A72692}.Release|Any CPU.ActiveCfg = Release|Any CPU
		{DD8462D3-BF96-4A0F-9E73-BB7429A72692}.Release|Any CPU.Build.0 = Release|Any CPU
		{DD8462D3-BF96-4A0F-9E73-BB7429A72692}.Release|x64.ActiveCfg = Release|Any CPU
		{DD8462D3-BF96-4A0F-9E73-BB7429A72692}.Release|x64.Build.0 = Release|Any CPU
		{820CE86D-8767-4022-89CC-387AA94F7671}.Debug|Any CPU.ActiveCfg = Debug|Any CPU
		{820CE86D-8767-4022-89CC-387AA94F7671}.Debug|Any CPU.Build.0 = Debug|Any CPU
		{820CE86D-8767-4022-89CC-387AA94F7671}.Debug|x64.ActiveCfg = Debug|x64
		{820CE86D-8767-4022-89CC-387AA94F7671}.Debug|x64.Build.0 = Debug|x64
		{820CE86D-8767-4022-89CC-387AA94F7671}.Release|Any CPU.ActiveCfg = Release|Any CPU
		{820CE86D-8767-4022-89CC-387AA94F7671}.Release|Any CPU.Build.0 = Release|Any CPU
		{820CE86D-8767-4022-89CC-387AA94F7671}.Release|x64.ActiveCfg = Release|x64
		{820CE86D-8767-4022-89CC-387AA94F7671}.Release|x64.Build.0 = Release|x64
	EndGlobalSection
	GlobalSection(SolutionProperties) = preSolution
		HideSolutionNode = FALSE
	EndGlobalSection
	GlobalSection(NestedProjects) = preSolution
		{BE07442F-3DD8-44CE-AB60-E57F726A01D8} = {8DCCB8C3-80B0-4EB9-9D24-A258DE55D8C9}
		{820CE86D-8767-4022-89CC-387AA94F7671} = {8DCCB8C3-80B0-4EB9-9D24-A258DE55D8C9}
	EndGlobalSection
	GlobalSection(ExtensibilityGlobals) = postSolution
		SolutionGuid = {86CDB824-E31D-4AB4-B879-90503D9861C5}
	EndGlobalSection
EndGlobal
